
Microsoft Visual Studio Solution File, Format Version 12.00
# Visual Studio Version 17
VisualStudioVersion = 17.9.34622.214
MinimumVisualStudioVersion = 10.0.40219.1
Project("{FAE04EC0-301F-11D3-BF4B-00C04F79EFBC}") = "LabCE-API", "LabCE-API\LabCE-API.csproj", "{C6E50BD4-2375-4493-A062-FD1EEFEBDE05}"
EndProject
Project("{FAE04EC0-301F-11D3-BF4B-00C04F79EFBC}") = "LabCE-BLL", "LabCE-BLL\LabCE-BLL.csproj", "{2F03571B-1789-448A-9EDE-ACD802A31B19}"
EndProject
Project("{FAE04EC0-301F-11D3-BF4B-00C04F79EFBC}") = "LabCE-MODEL", "LabCE-MODEL\LabCE-MODEL.csproj", "{BD32B3D2-A3EE-4B05-854E-733813E962B9}"
EndProject
Project("{FAE04EC0-301F-11D3-BF4B-00C04F79EFBC}") = "LabCE-DALSQL", "LabCE-DALSQL\LabCE-DALSQL.csproj", "{9B970D89-518D-4983-A4E3-1299D0DC966C}"
EndProject
Global
	GlobalSection(SolutionConfigurationPlatforms) = preSolution
		Debug|Any CPU = Debug|Any CPU
		Release|Any CPU = Release|Any CPU
	EndGlobalSection
	GlobalSection(ProjectConfigurationPlatforms) = postSolution
		{C6E50BD4-2375-4493-A062-FD1EEFEBDE05}.Debug|Any CPU.ActiveCfg = Debug|Any CPU
		{C6E50BD4-2375-4493-A062-FD1EEFEBDE05}.Debug|Any CPU.Build.0 = Debug|Any CPU
		{C6E50BD4-2375-4493-A062-FD1EEFEBDE05}.Release|Any CPU.ActiveCfg = Release|Any CPU
		{C6E50BD4-2375-4493-A062-FD1EEFEBDE05}.Release|Any CPU.Build.0 = Release|Any CPU
		{2F03571B-1789-448A-9EDE-ACD802A31B19}.Debug|Any CPU.ActiveCfg = Debug|Any CPU
		{2F03571B-1789-448A-9EDE-ACD802A31B19}.Debug|Any CPU.Build.0 = Debug|Any CPU
		{2F03571B-1789-448A-9EDE-ACD802A31B19}.Release|Any CPU.ActiveCfg = Release|Any CPU
		{2F03571B-1789-448A-9EDE-ACD802A31B19}.Release|Any CPU.Build.0 = Release|Any CPU
		{BD32B3D2-A3EE-4B05-854E-733813E962B9}.Debug|Any CPU.ActiveCfg = Debug|Any CPU
		{BD32B3D2-A3EE-4B05-854E-733813E962B9}.Debug|Any CPU.Build.0 = Debug|Any CPU
		{BD32B3D2-A3EE-4B05-854E-733813E962B9}.Release|Any CPU.ActiveCfg = Release|Any CPU
		{BD32B3D2-A3EE-4B05-854E-733813E962B9}.Release|Any CPU.Build.0 = Release|Any CPU
		{9B970D89-518D-4983-A4E3-1299D0DC966C}.Debug|Any CPU.ActiveCfg = Debug|Any CPU
		{9B970D89-518D-4983-A4E3-1299D0DC966C}.Debug|Any CPU.Build.0 = Debug|Any CPU
		{9B970D89-518D-4983-A4E3-1299D0DC966C}.Release|Any CPU.ActiveCfg = Release|Any CPU
		{9B970D89-518D-4983-A4E3-1299D0DC966C}.Release|Any CPU.Build.0 = Release|Any CPU
	EndGlobalSection
	GlobalSection(SolutionProperties) = preSolution
		HideSolutionNode = FALSE
	EndGlobalSection
	GlobalSection(ExtensibilityGlobals) = postSolution
		SolutionGuid = {A6905629-B8B0-4001-A940-11942581F0F3}
	EndGlobalSection
EndGlobal
